{
    "_meta": {
        "hash": {
            "sha256": "73a548eae89de6b95d37493eb9baa0b1588121ab039a42ef2ecbdc5f1c4df26e"
        },
        "pipfile-spec": 6,
        "requires": {
            "python_version": "3.7"
        },
        "sources": [
            {
                "name": "pypi",
                "url": "https://pypi.org/simple",
                "verify_ssl": true
            }
        ]
    },
    "default": {
        "django": {
            "hashes": [
                "sha256:97886b8a13bbc33bfeba2ff133035d3eca014e2309dff2b6da0bdfc0b8656613",
                "sha256:e900b73beee8977c7b887d90c6c57d68af10066b9dac898e1eaf0f82313de334"
            ],
            "index": "pypi",
            "version": "==2.0.7"
        },
        "pytz": {
            "hashes": [
                "sha256:32b0891edff07e28efe91284ed9c31e123d84bea3fd98e1f72be2508f43ef8d9",
                "sha256:d5f05e487007e29e03409f9398d074e158d920d36eb82eaf66fb1136b0c5374c"
            ],
            "version": "==2018.9"
        },
        "virtualenv": {
            "hashes": [
                "sha256:58c359370401e0af817fb0070911e599c5fdc836166306b04fd0f278151ed125",
                "sha256:729f0bcab430e4ef137646805b5b1d8efbb43fe53d4a0f33328624a84a5121f7"
            ],
            "index": "pypi",
            "version": "==16.3.0"
        }
    },
    "develop": {}
}
